// !$*UTF8*$!
{
	archiveVersion = 1;
	classes = {
	};
	objectVersion = 56;
	objects = {

/* Begin PBXBuildFile section */
		SL000000000000000000001E /* ARContainerView.swift in Sources */ = {isa = PBXBuildFile; fileRef = SL0000000000000000000001 /* ARContainerView.swift */; };
		SL000000000000000000001F /* ARSceneController.swift in Sources */ = {isa = PBXBuildFile; fileRef = SL0000000000000000000002 /* ARSceneController.swift */; };
		SL0000000000000000000020 /* ShadowMeshFactory.swift in Sources */ = {isa = PBXBuildFile; fileRef = SL0000000000000000000003 /* ShadowMeshFactory.swift */; };
		SL0000000000000000000021 /* UmbraApp.swift in Sources */ = {isa = PBXBuildFile; fileRef = SL0000000000000000000004 /* UmbraApp.swift */; };
		SL0000000000000000000022 /* AppSettings.swift in Sources */ = {isa = PBXBuildFile; fileRef = SL0000000000000000000005 /* AppSettings.swift */; };
		SL0000000000000000000023 /* ProjectModels.swift in Sources */ = {isa = PBXBuildFile; fileRef = SL0000000000000000000006 /* ProjectModels.swift */; };
		SL0000000000000000000024 /* ARSupport.swift in Sources */ = {isa = PBXBuildFile; fileRef = SL0000000000000000000007 /* ARSupport.swift */; };
		SL0000000000000000000025 /* LocationService.swift in Sources */ = {isa = PBXBuildFile; fileRef = SL0000000000000000000008 /* LocationService.swift */; };
		SL0000000000000000000026 /* ShadowGeometryService.swift in Sources */ = {isa = PBXBuildFile; fileRef = SL0000000000000000000009 /* ShadowGeometryService.swift */; };
		SL0000000000000000000027 /* SolarDayService.swift in Sources */ = {isa = PBXBuildFile; fileRef = SL000000000000000000000A /* SolarDayService.swift */; };
		SL0000000000000000000028 /* SunPositionService.swift in Sources */ = {isa = PBXBuildFile; fileRef = SL000000000000000000000B /* SunPositionService.swift */; };
		SL0000000000000000000029 /* BlockerStyle.swift in Sources */ = {isa = PBXBuildFile; fileRef = SL000000000000000000000C /* BlockerStyle.swift */; };
		SL000000000000000000002A /* Geometry.swift in Sources */ = {isa = PBXBuildFile; fileRef = SL000000000000000000000D /* Geometry.swift */; };
		SL000000000000000000002B /* ShareSheet.swift in Sources */ = {isa = PBXBuildFile; fileRef = SL000000000000000000000E /* ShareSheet.swift */; };
		SL000000000000000000002C /* ARLensViewModel.swift in Sources */ = {isa = PBXBuildFile; fileRef = SL000000000000000000000F /* ARLensViewModel.swift */; };
		SL000000000000000000002D /* ARLensView.swift in Sources */ = {isa = PBXBuildFile; fileRef = SL0000000000000000000010 /* ARLensView.swift */; };
		SL000000000000000000002E /* MockSceneView.swift in Sources */ = {isa = PBXBuildFile; fileRef = SL0000000000000000000011 /* MockSceneView.swift */; };
		SL000000000000000000002F /* ObjectPaletteView.swift in Sources */ = {isa = PBXBuildFile; fileRef = SL0000000000000000000012 /* ObjectPaletteView.swift */; };
		SL0000000000000000000030 /* OnboardingView.swift in Sources */ = {isa = PBXBuildFile; fileRef = SL0000000000000000000013 /* OnboardingView.swift */; };
		SL0000000000000000000031 /* ProjectsView.swift in Sources */ = {isa = PBXBuildFile; fileRef = SL0000000000000000000014 /* ProjectsView.swift */; };
		SL0000000000000000000032 /* RootView.swift in Sources */ = {isa = PBXBuildFile; fileRef = SL0000000000000000000015 /* RootView.swift */; };
		SL0000000000000000000033 /* SettingsView.swift in Sources */ = {isa = PBXBuildFile; fileRef = SL0000000000000000000016 /* SettingsView.swift */; };
		SL0000000000000000000034 /* SunPathView.swift in Sources */ = {isa = PBXBuildFile; fileRef = SL0000000000000000000017 /* SunPathView.swift */; };
		SL0000000000000000000035 /* TimeScrubberView.swift in Sources */ = {isa = PBXBuildFile; fileRef = SL0000000000000000000018 /* TimeScrubberView.swift */; };
		SL000000000000000000001D /* Assets.xcassets in Resources */ = {isa = PBXBuildFile; fileRef = SL000000000000000000001C /* Assets.xcassets */; };
		SL0000000000000000000036 /* ShadowGeometryServiceTests.swift in Sources */ = {isa = PBXBuildFile; fileRef = SL0000000000000000000019 /* ShadowGeometryServiceTests.swift */; };
		SL0000000000000000000037 /* SolarDayServiceTests.swift in Sources */ = {isa = PBXBuildFile; fileRef = SL000000000000000000001A /* SolarDayServiceTests.swift */; };
		SL0000000000000000000038 /* SunPositionServiceTests.swift in Sources */ = {isa = PBXBuildFile; fileRef = SL000000000000000000001B /* SunPositionServiceTests.swift */; };
/* End PBXBuildFile section */

/* Begin PBXContainerItemProxy section */
		SL0000000000000000000051 /* PBXContainerItemProxy */ = {
			isa = PBXContainerItemProxy;
			containerPortal = SL0000000000000000000042 /* Project object */;
			proxyType = 1;
			remoteGlobalIDString = SL0000000000000000000040;
			remoteInfo = Umbra;
		};
/* End PBXContainerItemProxy section */

/* Begin PBXFileReference section */
		SL0000000000000000000001 /* ARContainerView.swift */ = {isa = PBXFileReference; lastKnownFileType = sourcecode.swift; path = AR/ARContainerView.swift; sourceTree = "<group>"; };
		SL0000000000000000000002 /* ARSceneController.swift */ = {isa = PBXFileReference; lastKnownFileType = sourcecode.swift; path = AR/ARSceneController.swift; sourceTree = "<group>"; };
		SL0000000000000000000003 /* ShadowMeshFactory.swift */ = {isa = PBXFileReference; lastKnownFileType = sourcecode.swift; path = AR/ShadowMeshFactory.swift; sourceTree = "<group>"; };
		SL0000000000000000000004 /* UmbraApp.swift */ = {isa = PBXFileReference; lastKnownFileType = sourcecode.swift; path = App/UmbraApp.swift; sourceTree = "<group>"; };
		SL0000000000000000000005 /* AppSettings.swift */ = {isa = PBXFileReference; lastKnownFileType = sourcecode.swift; path = Models/AppSettings.swift; sourceTree = "<group>"; };
		SL0000000000000000000006 /* ProjectModels.swift */ = {isa = PBXFileReference; lastKnownFileType = sourcecode.swift; path = Models/ProjectModels.swift; sourceTree = "<group>"; };
		SL0000000000000000000007 /* ARSupport.swift */ = {isa = PBXFileReference; lastKnownFileType = sourcecode.swift; path = Services/ARSupport.swift; sourceTree = "<group>"; };
		SL0000000000000000000008 /* LocationService.swift */ = {isa = PBXFileReference; lastKnownFileType = sourcecode.swift; path = Services/LocationService.swift; sourceTree = "<group>"; };
		SL0000000000000000000009 /* ShadowGeometryService.swift */ = {isa = PBXFileReference; lastKnownFileType = sourcecode.swift; path = Services/ShadowGeometryService.swift; sourceTree = "<group>"; };
		SL000000000000000000000A /* SolarDayService.swift */ = {isa = PBXFileReference; lastKnownFileType = sourcecode.swift; path = Services/SolarDayService.swift; sourceTree = "<group>"; };
		SL000000000000000000000B /* SunPositionService.swift */ = {isa = PBXFileReference; lastKnownFileType = sourcecode.swift; path = Services/SunPositionService.swift; sourceTree = "<group>"; };
		SL000000000000000000000C /* BlockerStyle.swift */ = {isa = PBXFileReference; lastKnownFileType = sourcecode.swift; path = Utilities/BlockerStyle.swift; sourceTree = "<group>"; };
		SL000000000000000000000D /* Geometry.swift */ = {isa = PBXFileReference; lastKnownFileType = sourcecode.swift; path = Utilities/Geometry.swift; sourceTree = "<group>"; };
		SL000000000000000000000E /* ShareSheet.swift */ = {isa = PBXFileReference; lastKnownFileType = sourcecode.swift; path = Utilities/ShareSheet.swift; sourceTree = "<group>"; };
		SL000000000000000000000F /* ARLensViewModel.swift */ = {isa = PBXFileReference; lastKnownFileType = sourcecode.swift; path = ViewModels/ARLensViewModel.swift; sourceTree = "<group>"; };
		SL0000000000000000000010 /* ARLensView.swift */ = {isa = PBXFileReference; lastKnownFileType = sourcecode.swift; path = Views/ARLensView.swift; sourceTree = "<group>"; };
		SL0000000000000000000011 /* MockSceneView.swift */ = {isa = PBXFileReference; lastKnownFileType = sourcecode.swift; path = Views/MockSceneView.swift; sourceTree = "<group>"; };
		SL0000000000000000000012 /* ObjectPaletteView.swift */ = {isa = PBXFileReference; lastKnownFileType = sourcecode.swift; path = Views/ObjectPaletteView.swift; sourceTree = "<group>"; };
		SL0000000000000000000013 /* OnboardingView.swift */ = {isa = PBXFileReference; lastKnownFileType = sourcecode.swift; path = Views/OnboardingView.swift; sourceTree = "<group>"; };
		SL0000000000000000000014 /* ProjectsView.swift */ = {isa = PBXFileReference; lastKnownFileType = sourcecode.swift; path = Views/ProjectsView.swift; sourceTree = "<group>"; };
		SL0000000000000000000015 /* RootView.swift */ = {isa = PBXFileReference; lastKnownFileType = sourcecode.swift; path = Views/RootView.swift; sourceTree = "<group>"; };
		SL0000000000000000000016 /* SettingsView.swift */ = {isa = PBXFileReference; lastKnownFileType = sourcecode.swift; path = Views/SettingsView.swift; sourceTree = "<group>"; };
		SL0000000000000000000017 /* SunPathView.swift */ = {isa = PBXFileReference; lastKnownFileType = sourcecode.swift; path = Views/SunPathView.swift; sourceTree = "<group>"; };
		SL0000000000000000000018 /* TimeScrubberView.swift */ = {isa = PBXFileReference; lastKnownFileType = sourcecode.swift; path = Views/TimeScrubberView.swift; sourceTree = "<group>"; };
		SL0000000000000000000019 /* ShadowGeometryServiceTests.swift */ = {isa = PBXFileReference; lastKnownFileType = sourcecode.swift; path = ShadowGeometryServiceTests.swift; sourceTree = "<group>"; };
		SL000000000000000000001A /* SolarDayServiceTests.swift */ = {isa = PBXFileReference; lastKnownFileType = sourcecode.swift; path = SolarDayServiceTests.swift; sourceTree = "<group>"; };
		SL000000000000000000001B /* SunPositionServiceTests.swift */ = {isa = PBXFileReference; lastKnownFileType = sourcecode.swift; path = SunPositionServiceTests.swift; sourceTree = "<group>"; };
		SL000000000000000000001C /* Assets.xcassets */ = {isa = PBXFileReference; lastKnownFileType = folder.assetcatalog; path = Assets.xcassets; sourceTree = "<group>"; };
		SL0000000000000000000053 /* Info.plist placeholder */ = {isa = PBXFileReference; lastKnownFileType = text.plist.xml; path = Info.plist; sourceTree = "<group>"; };
		SL0000000000000000000039 /* Umbra.app */ = {isa = PBXFileReference; explicitFileType = wrapper.application; includeInIndex = 0; path = Umbra.app; sourceTree = BUILT_PRODUCTS_DIR; };
		SL000000000000000000003A /* UmbraTests.xctest */ = {isa = PBXFileReference; explicitFileType = wrapper.cfbundle; includeInIndex = 0; path = UmbraTests.xctest; sourceTree = BUILT_PRODUCTS_DIR; };
/* End PBXFileReference section */

/* Begin PBXFrameworksBuildPhase section */
		SL0000000000000000000045 /* Frameworks */ = {
			isa = PBXFrameworksBuildPhase;
			buildActionMask = 2147483647;
			files = (
			);
			runOnlyForDeploymentPostprocessing = 0;
		};
		SL0000000000000000000047 /* Frameworks */ = {
			isa = PBXFrameworksBuildPhase;
			buildActionMask = 2147483647;
			files = (
			);
			runOnlyForDeploymentPostprocessing = 0;
		};
/* End PBXFrameworksBuildPhase section */

/* Begin PBXGroup section */
		SL000000000000000000003B = {
			isa = PBXGroup;
			children = (
				SL000000000000000000003C /* Umbra */,
				SL000000000000000000003D /* UmbraTests */,
				SL000000000000000000003E /* Products */,
				SL000000000000000000003F /* Frameworks */,
			);
			sourceTree = "<group>";
		};
		SL000000000000000000003C /* Umbra */ = {
			isa = PBXGroup;
			children = (
				SL0000000000000000000001,
				SL0000000000000000000002,
				SL0000000000000000000003,
				SL0000000000000000000004,
				SL0000000000000000000005,
				SL0000000000000000000006,
				SL0000000000000000000007,
				SL0000000000000000000008,
				SL0000000000000000000009,
				SL000000000000000000000A,
				SL000000000000000000000B,
				SL000000000000000000000C,
				SL000000000000000000000D,
				SL000000000000000000000E,
				SL000000000000000000000F,
				SL0000000000000000000010,
				SL0000000000000000000011,
				SL0000000000000000000012,
				SL0000000000000000000013,
				SL0000000000000000000014,
				SL0000000000000000000015,
				SL0000000000000000000016,
				SL0000000000000000000017,
				SL0000000000000000000018,
				SL000000000000000000001C,
			);
			path = Umbra;
			sourceTree = "<group>";
		};
		SL000000000000000000003D /* UmbraTests */ = {
			isa = PBXGroup;
			children = (
				SL0000000000000000000019,
				SL000000000000000000001A,
				SL000000000000000000001B,
			);
			path = UmbraTests;
			sourceTree = "<group>";
		};
		SL000000000000000000003E /* Products */ = {
			isa = PBXGroup;
			children = (
				SL0000000000000000000039 /* Umbra.app */,
				SL000000000000000000003A /* UmbraTests.xctest */,
			);
			name = Products;
			sourceTree = "<group>";
		};
		SL000000000000000000003F /* Frameworks */ = {
			isa = PBXGroup;
			children = (
			);
			name = Frameworks;
			sourceTree = "<group>";
		};
/* End PBXGroup section */

/* Begin PBXNativeTarget section */
		SL0000000000000000000040 /* Umbra */ = {
			isa = PBXNativeTarget;
			buildConfigurationList = SL0000000000000000000049 /* Build configuration list for PBXNativeTarget "Umbra" */;
			buildPhases = (
				SL0000000000000000000043 /* Sources */,
				SL0000000000000000000045 /* Frameworks */,
				SL0000000000000000000044 /* Resources */,
			);
			buildRules = (
			);
			dependencies = (
			);
			name = Umbra;
			productName = Umbra;
			productReference = SL0000000000000000000039 /* Umbra.app */;
			productType = "com.apple.product-type.application";
		};
		SL0000000000000000000041 /* UmbraTests */ = {
			isa = PBXNativeTarget;
			buildConfigurationList = SL000000000000000000004A /* Build configuration list for PBXNativeTarget "UmbraTests" */;
			buildPhases = (
				SL0000000000000000000046 /* Sources */,
				SL0000000000000000000047 /* Frameworks */,
			);
			buildRules = (
			);
			dependencies = (
				SL0000000000000000000052 /* PBXTargetDependency */,
			);
			name = UmbraTests;
			productName = UmbraTests;
			productReference = SL000000000000000000003A /* UmbraTests.xctest */;
			productType = "com.apple.product-type.bundle.unit-test";
		};
/* End PBXNativeTarget section */

/* Begin PBXProject section */
		SL0000000000000000000042 /* Project object */ = {
			isa = PBXProject;
			attributes = {
				BuildIndependentTargetsInParallel = 1;
				LastSwiftUpdateCheck = 1500;
				LastUpgradeCheck = 1500;
				TargetAttributes = {
					SL0000000000000000000040 = {
						CreatedOnToolsVersion = 15.0;
					};
					SL0000000000000000000041 = {
						CreatedOnToolsVersion = 15.0;
						TestTargetID = SL0000000000000000000040;
					};
				};
			};
			buildConfigurationList = SL0000000000000000000048 /* Build configuration list for PBXProject "Umbra" */;
			compatibilityVersion = "Xcode 14.0";
			developmentRegion = en;
			hasScannedForEncodings = 0;
			knownRegions = (
				en,
				Base,
			);
			mainGroup = SL000000000000000000003B;
			productRefGroup = SL000000000000000000003E /* Products */;
			projectDirPath = "";
			projectRoot = "";
			targets = (
				SL0000000000000000000040 /* Umbra */,
				SL0000000000000000000041 /* UmbraTests */,
			);
		};
/* End PBXProject section */

/* Begin PBXResourcesBuildPhase section */
		SL0000000000000000000044 /* Resources */ = {
			isa = PBXResourcesBuildPhase;
			buildActionMask = 2147483647;
			files = (
				SL000000000000000000001D /* Assets.xcassets in Resources */,
			);
			runOnlyForDeploymentPostprocessing = 0;
		};
/* End PBXResourcesBuildPhase section */

/* Begin PBXSourcesBuildPhase section */
		SL0000000000000000000043 /* Sources */ = {
			isa = PBXSourcesBuildPhase;
			buildActionMask = 2147483647;
			files = (
				SL000000000000000000001E /* ARContainerView.swift in Sources */,
				SL000000000000000000001F /* ARSceneController.swift in Sources */,
				SL0000000000000000000020 /* ShadowMeshFactory.swift in Sources */,
				SL0000000000000000000021 /* UmbraApp.swift in Sources */,
				SL0000000000000000000022 /* AppSettings.swift in Sources */,
				SL0000000000000000000023 /* ProjectModels.swift in Sources */,
				SL0000000000000000000024 /* ARSupport.swift in Sources */,
				SL0000000000000000000025 /* LocationService.swift in Sources */,
				SL0000000000000000000026 /* ShadowGeometryService.swift in Sources */,
				SL0000000000000000000027 /* SolarDayService.swift in Sources */,
				SL0000000000000000000028 /* SunPositionService.swift in Sources */,
				SL0000000000000000000029 /* BlockerStyle.swift in Sources */,
				SL000000000000000000002A /* Geometry.swift in Sources */,
				SL000000000000000000002B /* ShareSheet.swift in Sources */,
				SL000000000000000000002C /* ARLensViewModel.swift in Sources */,
				SL000000000000000000002D /* ARLensView.swift in Sources */,
				SL000000000000000000002E /* MockSceneView.swift in Sources */,
				SL000000000000000000002F /* ObjectPaletteView.swift in Sources */,
				SL0000000000000000000030 /* OnboardingView.swift in Sources */,
				SL0000000000000000000031 /* ProjectsView.swift in Sources */,
				SL0000000000000000000032 /* RootView.swift in Sources */,
				SL0000000000000000000033 /* SettingsView.swift in Sources */,
				SL0000000000000000000034 /* SunPathView.swift in Sources */,
				SL0000000000000000000035 /* TimeScrubberView.swift in Sources */,
			);
			runOnlyForDeploymentPostprocessing = 0;
		};
		SL0000000000000000000046 /* Sources */ = {
			isa = PBXSourcesBuildPhase;
			buildActionMask = 2147483647;
			files = (
				SL0000000000000000000036 /* ShadowGeometryServiceTests.swift in Sources */,
				SL0000000000000000000037 /* SolarDayServiceTests.swift in Sources */,
				SL0000000000000000000038 /* SunPositionServiceTests.swift in Sources */,
			);
			runOnlyForDeploymentPostprocessing = 0;
		};
/* End PBXSourcesBuildPhase section */

/* Begin PBXTargetDependency section */
		SL0000000000000000000052 /* PBXTargetDependency */ = {
			isa = PBXTargetDependency;
			target = SL0000000000000000000040 /* Umbra */;
			targetProxy = SL0000000000000000000051 /* PBXContainerItemProxy */;
		};
/* End PBXTargetDependency section */

/* Begin XCBuildConfiguration section */
		SL000000000000000000004B /* Debug */ = {
			isa = XCBuildConfiguration;
			buildSettings = {
				ALWAYS_SEARCH_USER_PATHS = NO;
				ASSETCATALOG_COMPILER_GENERATE_SWIFT_ASSET_SYMBOL_EXTENSIONS = YES;
				CLANG_ANALYZER_NONNULL = YES;
				CLANG_ANALYZER_NUMBER_OBJECT_CONVERSION = YES_AGGRESSIVE;
				CLANG_CXX_LANGUAGE_STANDARD = "gnu++20";
				CLANG_ENABLE_MODULES = YES;
				CLANG_ENABLE_OBJC_ARC = YES;
				CLANG_ENABLE_OBJC_WEAK = YES;
				CLANG_WARN_BOOL_CONVERSION = YES;
				CLANG_WARN_DOCUMENTATION_COMMENTS = YES;
				CLANG_WARN_UNGUARDED_AVAILABILITY = YES_AGGRESSIVE;
				COPY_PHASE_STRIP = NO;
				ENABLE_STRICT_OBJC_MSGSEND = YES;
				ENABLE_USER_SCRIPT_SANDBOXING = YES;
				GCC_C_LANGUAGE_STANDARD = gnu17;
				GCC_NO_COMMON_BLOCKS = YES;
				GCC_WARN_64_TO_32_BIT_CONVERSION = YES;
				GCC_WARN_ABOUT_RETURN_TYPE = YES_ERROR;
				GCC_WARN_UNDECLARED_SELECTOR = YES;
				GCC_WARN_UNINITIALIZED_AUTOS = YES_AGGRESSIVE;
				GCC_WARN_UNUSED_FUNCTION = YES;
				GCC_WARN_UNUSED_VARIABLE = YES;
				IPHONEOS_DEPLOYMENT_TARGET = 17.0;
				MTL_FAST_MATH = YES;
				SDKROOT = iphoneos;
				SWIFT_EMIT_LOC_STRINGS = YES;
				DEBUG_INFORMATION_FORMAT = dwarf;
				ENABLE_TESTABILITY = YES;
				GCC_DYNAMIC_NO_PIC = NO;
				GCC_OPTIMIZATION_LEVEL = 0;
				GCC_PREPROCESSOR_DEFINITIONS = (
					"DEBUG=1",
					"$(inherited)",
				);
				MTL_ENABLE_DEBUG_INFO = INCLUDE_SOURCE;
				ONLY_ACTIVE_ARCH = YES;
				SWIFT_ACTIVE_COMPILATION_CONDITIONS = "DEBUG $(inherited)";
				SWIFT_OPTIMIZATION_LEVEL = "-Onone";
			};
			name = Debug;
		};
		SL000000000000000000004C /* Release */ = {
			isa = XCBuildConfiguration;
			buildSettings = {
				ALWAYS_SEARCH_USER_PATHS = NO;
				ASSETCATALOG_COMPILER_GENERATE_SWIFT_ASSET_SYMBOL_EXTENSIONS = YES;
				CLANG_ANALYZER_NONNULL = YES;
				CLANG_ANALYZER_NUMBER_OBJECT_CONVERSION = YES_AGGRESSIVE;
				CLANG_CXX_LANGUAGE_STANDARD = "gnu++20";
				CLANG_ENABLE_MODULES = YES;
				CLANG_ENABLE_OBJC_ARC = YES;
				CLANG_ENABLE_OBJC_WEAK = YES;
				CLANG_WARN_BOOL_CONVERSION = YES;
				CLANG_WARN_DOCUMENTATION_COMMENTS = YES;
				CLANG_WARN_UNGUARDED_AVAILABILITY = YES_AGGRESSIVE;
				COPY_PHASE_STRIP = NO;
				ENABLE_STRICT_OBJC_MSGSEND = YES;
				ENABLE_USER_SCRIPT_SANDBOXING = YES;
				GCC_C_LANGUAGE_STANDARD = gnu17;
				GCC_NO_COMMON_BLOCKS = YES;
				GCC_WARN_64_TO_32_BIT_CONVERSION = YES;
				GCC_WARN_ABOUT_RETURN_TYPE = YES_ERROR;
				GCC_WARN_UNDECLARED_SELECTOR = YES;
				GCC_WARN_UNINITIALIZED_AUTOS = YES_AGGRESSIVE;
				GCC_WARN_UNUSED_FUNCTION = YES;
				GCC_WARN_UNUSED_VARIABLE = YES;
				IPHONEOS_DEPLOYMENT_TARGET = 17.0;
				MTL_FAST_MATH = YES;
				SDKROOT = iphoneos;
				SWIFT_EMIT_LOC_STRINGS = YES;
				DEBUG_INFORMATION_FORMAT = "dwarf-with-dsym";
				ENABLE_NS_ASSERTIONS = NO;
				MTL_ENABLE_DEBUG_INFO = NO;
				SWIFT_COMPILATION_MODE = wholemodule;
				VALIDATE_PRODUCT = YES;
			};
			name = Release;
		};
		SL000000000000000000004D /* Debug */ = {
			isa = XCBuildConfiguration;
			buildSettings = {
				ASSETCATALOG_COMPILER_APPICON_NAME = AppIcon;
				ASSETCATALOG_COMPILER_GLOBAL_ACCENT_COLOR_NAME = AccentColor;
				CODE_SIGN_STYLE = Automatic;
				CURRENT_PROJECT_VERSION = 1;
				DEVELOPMENT_ASSET_PATHS = "";
				ENABLE_PREVIEWS = YES;
				GENERATE_INFOPLIST_FILE = NO;
				INFOPLIST_FILE = Umbra/Resources/Info.plist;
				INFOPLIST_KEY_UIApplicationSupportsIndirectInputEvents = YES;
				LD_RUNPATH_SEARCH_PATHS = (
					"$(inherited)",
					"@executable_path/Frameworks",
				);
				MARKETING_VERSION = 1.0;
				PRODUCT_BUNDLE_IDENTIFIER = com.localfirst.umbra;
				PRODUCT_NAME = "$(TARGET_NAME)";
				SWIFT_EMIT_LOC_STRINGS = YES;
				SWIFT_VERSION = 5.0;
				TARGETED_DEVICE_FAMILY = "1,2";
			};
			name = Debug;
		};
		SL000000000000000000004E /* Release */ = {
			isa = XCBuildConfiguration;
			buildSettings = {
				ASSETCATALOG_COMPILER_APPICON_NAME = AppIcon;
				ASSETCATALOG_COMPILER_GLOBAL_ACCENT_COLOR_NAME = AccentColor;
				CODE_SIGN_STYLE = Automatic;
				CURRENT_PROJECT_VERSION = 1;
				DEVELOPMENT_ASSET_PATHS = "";
				ENABLE_PREVIEWS = YES;
				GENERATE_INFOPLIST_FILE = NO;
				INFOPLIST_FILE = Umbra/Resources/Info.plist;
				INFOPLIST_KEY_UIApplicationSupportsIndirectInputEvents = YES;
				LD_RUNPATH_SEARCH_PATHS = (
					"$(inherited)",
					"@executable_path/Frameworks",
				);
				MARKETING_VERSION = 1.0;
				PRODUCT_BUNDLE_IDENTIFIER = com.localfirst.umbra;
				PRODUCT_NAME = "$(TARGET_NAME)";
				SWIFT_EMIT_LOC_STRINGS = YES;
				SWIFT_VERSION = 5.0;
				TARGETED_DEVICE_FAMILY = "1,2";
			};
			name = Release;
		};
		SL000000000000000000004F /* Debug */ = {
			isa = XCBuildConfiguration;
			buildSettings = {
				ALWAYS_EMBED_SWIFT_STANDARD_LIBRARIES = YES;
				BUNDLE_LOADER = "$(TEST_HOST)";
				CODE_SIGN_STYLE = Automatic;
				CURRENT_PROJECT_VERSION = 1;
				GENERATE_INFOPLIST_FILE = YES;
				IPHONEOS_DEPLOYMENT_TARGET = 17.0;
				MARKETING_VERSION = 1.0;
				PRODUCT_BUNDLE_IDENTIFIER = com.localfirst.umbra.tests;
				PRODUCT_NAME = "$(TARGET_NAME)";
				SWIFT_EMIT_LOC_STRINGS = NO;
				SWIFT_VERSION = 5.0;
				TARGETED_DEVICE_FAMILY = "1,2";
				TEST_HOST = "$(BUILT_PRODUCTS_DIR)/Umbra.app/$(BUNDLE_EXECUTABLE_FOLDER_PATH)/Umbra";
			};
			name = Debug;
		};
		SL0000000000000000000050 /* Release */ = {
			isa = XCBuildConfiguration;
			buildSettings = {
				ALWAYS_EMBED_SWIFT_STANDARD_LIBRARIES = YES;
				BUNDLE_LOADER = "$(TEST_HOST)";
				CODE_SIGN_STYLE = Automatic;
				CURRENT_PROJECT_VERSION = 1;
				GENERATE_INFOPLIST_FILE = YES;
				IPHONEOS_DEPLOYMENT_TARGET = 17.0;
				MARKETING_VERSION = 1.0;
				PRODUCT_BUNDLE_IDENTIFIER = com.localfirst.umbra.tests;
				PRODUCT_NAME = "$(TARGET_NAME)";
				SWIFT_EMIT_LOC_STRINGS = NO;
				SWIFT_VERSION = 5.0;
				TARGETED_DEVICE_FAMILY = "1,2";
				TEST_HOST = "$(BUILT_PRODUCTS_DIR)/Umbra.app/$(BUNDLE_EXECUTABLE_FOLDER_PATH)/Umbra";
			};
			name = Release;
		};
/* End XCBuildConfiguration section */

/* Begin XCConfigurationList section */
		SL0000000000000000000048 /* Build configuration list for PBXProject "Umbra" */ = {
			isa = XCConfigurationList;
			buildConfigurations = (
				SL000000000000000000004B /* Debug */,
				SL000000000000000000004C /* Release */,
			);
			defaultConfigurationIsVisible = 0;
			defaultConfigurationName = Release;
		};
		SL0000000000000000000049 /* Build configuration list for PBXNativeTarget "Umbra" */ = {
			isa = XCConfigurationList;
			buildConfigurations = (
				SL000000000000000000004D /* Debug */,
				SL000000000000000000004E /* Release */,
			);
			defaultConfigurationIsVisible = 0;
			defaultConfigurationName = Release;
		};
		SL000000000000000000004A /* Build configuration list for PBXNativeTarget "UmbraTests" */ = {
			isa = XCConfigurationList;
			buildConfigurations = (
				SL000000000000000000004F /* Debug */,
				SL0000000000000000000050 /* Release */,
			);
			defaultConfigurationIsVisible = 0;
			defaultConfigurationName = Release;
		};
/* End XCConfigurationList section */
	};
	rootObject = SL0000000000000000000042 /* Project object */;
}
